
Microsoft Visual Studio Solution File, Format Version 12.00
# Visual Studio Version 16
VisualStudioVersion = 16.0.30907.101
MinimumVisualStudioVersion = 10.0.40219.1
Project("{FAE04EC0-301F-11D3-BF4B-00C04F79EFBC}") = "webCrawler_PROG_ZAAW", "webCrawler_PROG_ZAAW.csproj", "{766933FE-5E7F-4EC6-8665-A30D0F27D69C}"
EndProject
Project("{FAE04EC0-301F-11D3-BF4B-00C04F79EFBC}") = "WebCrawler", "..\WebCrawler\WebCrawler.csproj", "{B2BD271E-404E-42B7-8459-AAE66CC0BF00}"
EndProject
Global
	GlobalSection(SolutionConfigurationPlatforms) = preSolution
		Debug|Any CPU = Debug|Any CPU
		Release|Any CPU = Release|Any CPU
	EndGlobalSection
	GlobalSection(ProjectConfigurationPlatforms) = postSolution
		{766933FE-5E7F-4EC6-8665-A30D0F27D69C}.Debug|Any CPU.ActiveCfg = Debug|Any CPU
		{766933FE-5E7F-4EC6-8665-A30D0F27D69C}.Debug|Any CPU.Build.0 = Debug|Any CPU
		{766933FE-5E7F-4EC6-8665-A30D0F27D69C}.Release|Any CPU.ActiveCfg = Release|Any CPU
		{766933FE-5E7F-4EC6-8665-A30D0F27D69C}.Release|Any CPU.Build.0 = Release|Any CPU
		{B2BD271E-404E-42B7-8459-AAE66CC0BF00}.Debug|Any CPU.ActiveCfg = Debug|Any CPU
		{B2BD271E-404E-42B7-8459-AAE66CC0BF00}.Debug|Any CPU.Build.0 = Debug|Any CPU
		{B2BD271E-404E-42B7-8459-AAE66CC0BF00}.Release|Any CPU.ActiveCfg = Release|Any CPU
		{B2BD271E-404E-42B7-8459-AAE66CC0BF00}.Release|Any CPU.Build.0 = Release|Any CPU
	EndGlobalSection
	GlobalSection(SolutionProperties) = preSolution
		HideSolutionNode = FALSE
	EndGlobalSection
	GlobalSection(ExtensibilityGlobals) = postSolution
		SolutionGuid = {708DDD0A-B48B-4409-B774-56204A6B3FE3}
	EndGlobalSection
EndGlobal
